
Microsoft Visual Studio Solution File, Format Version 12.00
# Visual Studio Version 16
VisualStudioVersion = 16.0.31424.327
MinimumVisualStudioVersion = 10.0.40219.1
Project("{FAE04EC0-301F-11D3-BF4B-00C04F79EFBC}") = "Task1", "Task1\Task1.csproj", "{9CE04A18-2158-4217-A2F0-79A73E2E5D11}"
EndProject
Global
	GlobalSection(SolutionConfigurationPlatforms) = preSolution
		Debug|Any CPU = Debug|Any CPU
		Release|Any CPU = Release|Any CPU
	EndGlobalSection
	GlobalSection(ProjectConfigurationPlatforms) = postSolution
		{9CE04A18-2158-4217-A2F0-79A73E2E5D11}.Debug|Any CPU.ActiveCfg = Debug|Any CPU
		{9CE04A18-2158-4217-A2F0-79A73E2E5D11}.Debug|Any CPU.Build.0 = Debug|Any CPU
		{9CE04A18-2158-4217-A2F0-79A73E2E5D11}.Release|Any CPU.ActiveCfg = Release|Any CPU
		{9CE04A18-2158-4217-A2F0-79A73E2E5D11}.Release|Any CPU.Build.0 = Release|Any CPU
	EndGlobalSection
	GlobalSection(SolutionProperties) = preSolution
		HideSolutionNode = FALSE
	EndGlobalSection
	GlobalSection(ExtensibilityGlobals) = postSolution
		SolutionGuid = {CE742447-2D8C-4AC2-A85E-51FBC2F41BD7}
	EndGlobalSection
EndGlobal
